
Microsoft Visual Studio Solution File, Format Version 10.00
# Visual Studio 2008
Project("{8BC9CEB8-8B4A-11D0-8D11-00A0C91BC942}") = "knight", "knight.vcproj", "{CBE0637B-7BF5-4691-9BEA-1AD1AA055586}"
EndProject
Project("{8BC9CEB8-8B4A-11D0-8D11-00A0C91BC942}") = "OrderTester", "OrderTester\OrderTester.vcproj", "{714C851D-C02D-4BE9-96A8-0416C42737E7}"
EndProject
Global
	GlobalSection(SolutionConfigurationPlatforms) = preSolution
		Debug|Win32 = Debug|Win32
		Release|Win32 = Release|Win32
	EndGlobalSection
	GlobalSection(ProjectConfigurationPlatforms) = postSolution
		{CBE0637B-7BF5-4691-9BEA-1AD1AA055586}.Debug|Win32.ActiveCfg = Debug|Win32
		{CBE0637B-7BF5-4691-9BEA-1AD1AA055586}.Debug|Win32.Build.0 = Debug|Win32
		{CBE0637B-7BF5-4691-9BEA-1AD1AA055586}.Release|Win32.ActiveCfg = Release|Win32
		{CBE0637B-7BF5-4691-9BEA-1AD1AA055586}.Release|Win32.Build.0 = Release|Win32
		{714C851D-C02D-4BE9-96A8-0416C42737E7}.Debug|Win32.ActiveCfg = Debug|Win32
		{714C851D-C02D-4BE9-96A8-0416C42737E7}.Debug|Win32.Build.0 = Debug|Win32
		{714C851D-C02D-4BE9-96A8-0416C42737E7}.Release|Win32.ActiveCfg = Release|Win32
		{714C851D-C02D-4BE9-96A8-0416C42737E7}.Release|Win32.Build.0 = Release|Win32
	EndGlobalSection
	GlobalSection(SolutionProperties) = preSolution
		HideSolutionNode = FALSE
	EndGlobalSection
EndGlobal
